Microsoft Visual Studio Solution File, Format Version 11.00
# Visual Studio 2008

Project("{B7617DFA-76E8-946D-C0A5-16AD4374CE5E}") = "Shmup_project", "Assembly-CSharp-firstpass.csproj", "{A0C36F2C-5E8E-A2A1-38B0-4843DC085F3B}"
EndProject
Project("{B7617DFA-76E8-946D-C0A5-16AD4374CE5E}") = "Shmup_project", "Assembly-CSharp.csproj", "{5402D6D9-9D96-0958-7660-FDD0AC3E5B40}"
EndProject
Project("{B7617DFA-76E8-946D-C0A5-16AD4374CE5E}") = "Shmup_project", "Assembly-CSharp-Editor.csproj", "{85D918BD-94A9-523B-775E-A59AF03DE5A8}"
EndProject
Global
	GlobalSection(SolutionConfigurationPlatforms) = preSolution
		Debug|Any CPU = Debug|Any CPU
		Release|Any CPU = Release|Any CPU
	EndGlobalSection
	GlobalSection(ProjectConfigurationPlatforms) = postSolution
		{A0C36F2C-5E8E-A2A1-38B0-4843DC085F3B}.Debug|Any CPU.ActiveCfg = Debug|Any CPU
		{A0C36F2C-5E8E-A2A1-38B0-4843DC085F3B}.Debug|Any CPU.Build.0 = Debug|Any CPU
		{A0C36F2C-5E8E-A2A1-38B0-4843DC085F3B}.Release|Any CPU.ActiveCfg = Release|Any CPU
		{A0C36F2C-5E8E-A2A1-38B0-4843DC085F3B}.Release|Any CPU.Build.0 = Release|Any CPU
		{5402D6D9-9D96-0958-7660-FDD0AC3E5B40}.Debug|Any CPU.ActiveCfg = Debug|Any CPU
		{5402D6D9-9D96-0958-7660-FDD0AC3E5B40}.Debug|Any CPU.Build.0 = Debug|Any CPU
		{5402D6D9-9D96-0958-7660-FDD0AC3E5B40}.Release|Any CPU.ActiveCfg = Release|Any CPU
		{5402D6D9-9D96-0958-7660-FDD0AC3E5B40}.Release|Any CPU.Build.0 = Release|Any CPU
		{85D918BD-94A9-523B-775E-A59AF03DE5A8}.Debug|Any CPU.ActiveCfg = Debug|Any CPU
		{85D918BD-94A9-523B-775E-A59AF03DE5A8}.Debug|Any CPU.Build.0 = Debug|Any CPU
		{85D918BD-94A9-523B-775E-A59AF03DE5A8}.Release|Any CPU.ActiveCfg = Release|Any CPU
		{85D918BD-94A9-523B-775E-A59AF03DE5A8}.Release|Any CPU.Build.0 = Release|Any CPU
	EndGlobalSection
	GlobalSection(SolutionProperties) = preSolution
		HideSolutionNode = FALSE
	EndGlobalSection
																																																																																																																																																																																																GlobalSection(MonoDevelopProperties) = preSolution
		StartupItem = Assembly-CSharp.csproj
		Policies = $0
		$0.TextStylePolicy = $1
		$1.inheritsSet = null
		$1.scope = text/x-csharp
		$0.CSharpFormattingPolicy = $2
		$2.inheritsSet = Mono
		$2.inheritsScope = text/x-csharp
		$2.scope = text/x-csharp
		$0.TextStylePolicy = $3
		$3.FileWidth = 120
		$3.TabWidth = 4
		$3.IndentWidth = 4
		$3.EolMarker = Unix
		$3.inheritsSet = Mono
		$3.inheritsScope = text/plain
		$3.scope = text/plain
	EndGlobalSection

EndGlobal
